version = 1
revision = 1
requires-python = ">=3.8"

[[package]]
name = "renovate-test"
version = "0.0.1"
source = { editable = "." }
dependencies = [
    { name = "renovate-test-package" },
    { name = "test-renovate" },
]

[package.metadata]
requires-dist = [
    { name = "renovate-test-package", specifier = "==2.1.0" },
    { name = "test-renovate", specifier = "~=1.0" },
]

[[package]]
name = "renovate-test-package"
version = "2.1.0"
source = { registry = "https://test.pypi.org/simple" }
sdist = { url = "https://test-files.pythonhosted.org/packages/46/86/c24de754a9c9628d88260486fbb8f23f52afb04a93a06a3e93b58072c116/renovate_test_package-2.1.0.tar.gz", hash = "sha256:9b62b4fbac2ffefa638dbb710d14732645d685a49afdeab93d67e778538a8df7", size = 2086 }
wheels = [
    { url = "https://test-files.pythonhosted.org/packages/4b/de/db40190466e7764e3bf21da90f3c72d4ba3bc88c47868fed0a4e5c15f1b0/renovate_test_package-2.1.0-py3-none-any.whl", hash = "sha256:7f7f6ee065eb3131047cd31616446f6d4268a8a9bbfc4df5fd456f1c4d4f11d5", size = 1524 },
]

[[package]]
name = "test-renovate"
version = "1.0.0"
source = { registry = "https://test.pypi.org/simple" }
sdist = { url = "https://test-files.pythonhosted.org/packages/23/77/b9fda06d91dab05cfeebd1ddd6996c766e508d2db0bb093c4c9f1430e51f/test_renovate-1.0.0.tar.gz", hash = "sha256:90c1fd9051493e063863c8bd03f110245d5ab5f259a931c600871f3d5b95ccd3", size = 2038 }
wheels = [
    { url = "https://test-files.pythonhosted.org/packages/98/04/c617ca674a16cce12b9fbdd6566b25d14e56be699f2fd5bb859cb148623a/test_renovate-1.0.0-py3-none-any.whl", hash = "sha256:3b280955f7c661b1431608c4d1942e48809f1bb58f089d8417e3f37331b849d7", size = 1508 },
]
