version = 1
revision = 1
requires-python = ">=3.8"

[[package]]
name = "renovate-test"
version = "0.0.1"
source = { virtual = "." }
dependencies = [
    { name = "test-renovate" },
]

[package.metadata]
requires-dist = [{ name = "test-renovate", specifier = "~=2.0" }]

[[package]]
name = "test-renovate"
version = "2.0.0"
source = { registry = "https://test.pypi.org/simple" }
sdist = { url = "https://test-files.pythonhosted.org/packages/4b/f9/9c97987746693749080430e427a69398afbd497e5dfdb8a7c9a58a582547/test_renovate-2.0.0.tar.gz", hash = "sha256:16186d22b170edfc0b70ad21ec43a4d77978db32d03cbcc71b611f37ec63cc94", size = 2039 }
wheels = [
    { url = "https://test-files.pythonhosted.org/packages/f0/02/e7ecc7cdf2dd1a308dcd2daf9daf6925940145157d8fba9f0e6f137cfccd/test_renovate-2.0.0-py3-none-any.whl", hash = "sha256:44109ebbb2f8d5428db66cc7b2a81e01db4ceedbb3bb3091479a22813b3cd10f", size = 1505 },
]
