version = 1
revision = 1
requires-python = ">=3.8"
resolution-markers = [
    "python_full_version >= '3.9'",
    "python_full_version < '3.9'",
]

[[package]]
name = "renovate-test"
version = "0.0.1"
source = { editable = "." }
dependencies = [
    { name = "test-renovate" },
]

[package.metadata]
requires-dist = [{ name = "test-renovate", specifier = "==1.0.1" }]

[[package]]
name = "test-renovate"
version = "1.0.1"
source = { registry = "https://test.pypi.org/simple" }
sdist = { url = "https://test-files.pythonhosted.org/packages/bc/19/14ebaff5183fae4bb2bbb4fc6d7685db117c9c020e9278fbfbf034502006/test_renovate-1.0.1.tar.gz", hash = "sha256:34d07eb0a126a3e622a1da124dee3d8927dece8de1169fd791d0b71ac4e1479e", size = 2034 }
wheels = [
    { url = "https://test-files.pythonhosted.org/packages/ec/fd/70fee5c9b6475ca38da1330eab1fb9bc3693fc4107881f559196ad022912/test_renovate-1.0.1-py3-none-any.whl", hash = "sha256:61b8f48548a73677b56b01602dd3bf86014ca595feba17ef0969f67e110c6ef8", size = 1509 },
]
